
Microsoft Visual Studio Solution File, Format Version 12.00
# Visual Studio Version 16
VisualStudioVersion = 16.0.31729.503
MinimumVisualStudioVersion = 10.0.40219.1
Project("{FAE04EC0-301F-11D3-BF4B-00C04F79EFBC}") = "calculator", "calculator\calculator.csproj", "{45771D90-DC15-422B-8A5F-30D6CFD92670}"
EndProject
Global
	GlobalSection(SolutionConfigurationPlatforms) = preSolution
		Debug|Any CPU = Debug|Any CPU
		Release|Any CPU = Release|Any CPU
	EndGlobalSection
	GlobalSection(ProjectConfigurationPlatforms) = postSolution
		{45771D90-DC15-422B-8A5F-30D6CFD92670}.Debug|Any CPU.ActiveCfg = Debug|Any CPU
		{45771D90-DC15-422B-8A5F-30D6CFD92670}.Debug|Any CPU.Build.0 = Debug|Any CPU
		{45771D90-DC15-422B-8A5F-30D6CFD92670}.Release|Any CPU.ActiveCfg = Release|Any CPU
		{45771D90-DC15-422B-8A5F-30D6CFD92670}.Release|Any CPU.Build.0 = Release|Any CPU
	EndGlobalSection
	GlobalSection(SolutionProperties) = preSolution
		HideSolutionNode = FALSE
	EndGlobalSection
	GlobalSection(ExtensibilityGlobals) = postSolution
		SolutionGuid = {2E1D3199-AEC2-4867-BD63-C62F67C19B46}
	EndGlobalSection
EndGlobal
